// !$*UTF8*$!
{
	archiveVersion = 1;
	classes = {
	};
	objectVersion = 51;
	objects = {

/* Begin PBXBuildFile section */
		796012C522EDD01300B8DCEF /* AppDelegate.swift in Sources */ = {isa = PBXBuildFile; fileRef = 796012C422EDD01300B8DCEF /* AppDelegate.swift */; };
		796012C722EDD01300B8DCEF /* LandingViewController.swift in Sources */ = {isa = PBXBuildFile; fileRef = 796012C622EDD01300B8DCEF /* LandingViewController.swift */; };
		796012CC22EDD01500B8DCEF /* Assets.xcassets in Resources */ = {isa = PBXBuildFile; fileRef = 796012CB22EDD01500B8DCEF /* Assets.xcassets */; };
		796012CF22EDD01500B8DCEF /* LaunchScreen.storyboard in Resources */ = {isa = PBXBuildFile; fileRef = 796012CD22EDD01500B8DCEF /* LaunchScreen.storyboard */; };
		796012DA22EDD01500B8DCEF /* MaticAppTests.swift in Sources */ = {isa = PBXBuildFile; fileRef = 796012D922EDD01500B8DCEF /* MaticAppTests.swift */; };
		79B2A1FF22EE0DAA005F410D /* UserInputView.swift in Sources */ = {isa = PBXBuildFile; fileRef = 79B2A1FE22EE0DAA005F410D /* UserInputView.swift */; };
		79B2A20122EF0728005F410D /* HomeViewController.swift in Sources */ = {isa = PBXBuildFile; fileRef = 79B2A20022EF0728005F410D /* HomeViewController.swift */; };
		79B2A20322EF10DA005F410D /* CurrencyTableViewCell.swift in Sources */ = {isa = PBXBuildFile; fileRef = 79B2A20222EF10DA005F410D /* CurrencyTableViewCell.swift */; };
		79B2A20522EF4DE3005F410D /* Common.swift in Sources */ = {isa = PBXBuildFile; fileRef = 79B2A20422EF4DE3005F410D /* Common.swift */; };
		79B2A20C22EF5036005F410D /* HomeViewModel.swift in Sources */ = {isa = PBXBuildFile; fileRef = 79B2A20B22EF5036005F410D /* HomeViewModel.swift */; };
		79B2A20E22EFDA67005F410D /* SHA256.swift in Sources */ = {isa = PBXBuildFile; fileRef = 79B2A20D22EFDA67005F410D /* SHA256.swift */; };
		79B2A21122EFF1F2005F410D /* Keychain.swift in Sources */ = {isa = PBXBuildFile; fileRef = 79B2A21022EFF1F2005F410D /* Keychain.swift */; };
		79B2A27322F285CB005F410D /* ImageFetcher.swift in Sources */ = {isa = PBXBuildFile; fileRef = 79B2A27222F285CB005F410D /* ImageFetcher.swift */; };
		79B2A27722F2C1BD005F410D /* LoginViewController.swift in Sources */ = {isa = PBXBuildFile; fileRef = 79B2A27622F2C1BD005F410D /* LoginViewController.swift */; };
		79B2A27922F2C1D1005F410D /* SignUpViewController.swift in Sources */ = {isa = PBXBuildFile; fileRef = 79B2A27822F2C1D1005F410D /* SignUpViewController.swift */; };
		79B2A27B22F2C2C0005F410D /* LoginViewModel.swift in Sources */ = {isa = PBXBuildFile; fileRef = 79B2A27A22F2C2C0005F410D /* LoginViewModel.swift */; };
		79B2A27D22F2C3BE005F410D /* SignUpViewModel.swift in Sources */ = {isa = PBXBuildFile; fileRef = 79B2A27C22F2C3BE005F410D /* SignUpViewModel.swift */; };
		8167AD873C6F5F5CAFF6BD0F /* Pods_MaticAppTests.framework in Frameworks */ = {isa = PBXBuildFile; fileRef = 7EC0AA80ED4BB724D5619C5A /* Pods_MaticAppTests.framework */; };
		F93187A142540D6917385B5F /* Pods_MaticApp.framework in Frameworks */ = {isa = PBXBuildFile; fileRef = 7BA9B8A39C0A4A8536F1F295 /* Pods_MaticApp.framework */; };
/* End PBXBuildFile section */

/* Begin PBXContainerItemProxy section */
		796012D622EDD01500B8DCEF /* PBXContainerItemProxy */ = {
			isa = PBXContainerItemProxy;
			containerPortal = 796012B922EDD01300B8DCEF /* Project object */;
			proxyType = 1;
			remoteGlobalIDString = 796012C022EDD01300B8DCEF;
			remoteInfo = MaticApp;
		};
/* End PBXContainerItemProxy section */

/* Begin PBXFileReference section */
		64F9E2DFAA05AACD33B1E561 /* Pods-MaticApp.release.xcconfig */ = {isa = PBXFileReference; includeInIndex = 1; lastKnownFileType = text.xcconfig; name = "Pods-MaticApp.release.xcconfig"; path = "Target Support Files/Pods-MaticApp/Pods-MaticApp.release.xcconfig"; sourceTree = "<group>"; };
		796012C122EDD01300B8DCEF /* MaticApp.app */ = {isa = PBXFileReference; explicitFileType = wrapper.application; includeInIndex = 0; path = MaticApp.app; sourceTree = BUILT_PRODUCTS_DIR; };
		796012C422EDD01300B8DCEF /* AppDelegate.swift */ = {isa = PBXFileReference; lastKnownFileType = sourcecode.swift; path = AppDelegate.swift; sourceTree = "<group>"; };
		796012C622EDD01300B8DCEF /* LandingViewController.swift */ = {isa = PBXFileReference; lastKnownFileType = sourcecode.swift; path = LandingViewController.swift; sourceTree = "<group>"; };
		796012CB22EDD01500B8DCEF /* Assets.xcassets */ = {isa = PBXFileReference; lastKnownFileType = folder.assetcatalog; path = Assets.xcassets; sourceTree = "<group>"; };
		796012CE22EDD01500B8DCEF /* Base */ = {isa = PBXFileReference; lastKnownFileType = file.storyboard; name = Base; path = Base.lproj/LaunchScreen.storyboard; sourceTree = "<group>"; };
		796012D022EDD01500B8DCEF /* Info.plist */ = {isa = PBXFileReference; lastKnownFileType = text.plist.xml; path = Info.plist; sourceTree = "<group>"; };
		796012D522EDD01500B8DCEF /* MaticAppTests.xctest */ = {isa = PBXFileReference; explicitFileType = wrapper.cfbundle; includeInIndex = 0; path = MaticAppTests.xctest; sourceTree = BUILT_PRODUCTS_DIR; };
		796012D922EDD01500B8DCEF /* MaticAppTests.swift */ = {isa = PBXFileReference; lastKnownFileType = sourcecode.swift; path = MaticAppTests.swift; sourceTree = "<group>"; };
		796012DB22EDD01500B8DCEF /* Info.plist */ = {isa = PBXFileReference; lastKnownFileType = text.plist.xml; path = Info.plist; sourceTree = "<group>"; };
		79B2A1FE22EE0DAA005F410D /* UserInputView.swift */ = {isa = PBXFileReference; lastKnownFileType = sourcecode.swift; path = UserInputView.swift; sourceTree = "<group>"; };
		79B2A20022EF0728005F410D /* HomeViewController.swift */ = {isa = PBXFileReference; lastKnownFileType = sourcecode.swift; path = HomeViewController.swift; sourceTree = "<group>"; };
		79B2A20222EF10DA005F410D /* CurrencyTableViewCell.swift */ = {isa = PBXFileReference; lastKnownFileType = sourcecode.swift; path = CurrencyTableViewCell.swift; sourceTree = "<group>"; };
		79B2A20422EF4DE3005F410D /* Common.swift */ = {isa = PBXFileReference; lastKnownFileType = sourcecode.swift; path = Common.swift; sourceTree = "<group>"; };
		79B2A20B22EF5036005F410D /* HomeViewModel.swift */ = {isa = PBXFileReference; lastKnownFileType = sourcecode.swift; path = HomeViewModel.swift; sourceTree = "<group>"; };
		79B2A20D22EFDA67005F410D /* SHA256.swift */ = {isa = PBXFileReference; fileEncoding = 4; lastKnownFileType = sourcecode.swift; path = SHA256.swift; sourceTree = "<group>"; };
		79B2A20F22EFDA73005F410D /* SHA256-Bridging-Header.h */ = {isa = PBXFileReference; lastKnownFileType = sourcecode.c.h; path = "SHA256-Bridging-Header.h"; sourceTree = "<group>"; };
		79B2A21022EFF1F2005F410D /* Keychain.swift */ = {isa = PBXFileReference; lastKnownFileType = sourcecode.swift; path = Keychain.swift; sourceTree = "<group>"; };
		79B2A27222F285CB005F410D /* ImageFetcher.swift */ = {isa = PBXFileReference; lastKnownFileType = sourcecode.swift; path = ImageFetcher.swift; sourceTree = "<group>"; };
		79B2A27622F2C1BD005F410D /* LoginViewController.swift */ = {isa = PBXFileReference; lastKnownFileType = sourcecode.swift; path = LoginViewController.swift; sourceTree = "<group>"; };
		79B2A27822F2C1D1005F410D /* SignUpViewController.swift */ = {isa = PBXFileReference; lastKnownFileType = sourcecode.swift; path = SignUpViewController.swift; sourceTree = "<group>"; };
		79B2A27A22F2C2C0005F410D /* LoginViewModel.swift */ = {isa = PBXFileReference; lastKnownFileType = sourcecode.swift; path = LoginViewModel.swift; sourceTree = "<group>"; };
		79B2A27C22F2C3BE005F410D /* SignUpViewModel.swift */ = {isa = PBXFileReference; lastKnownFileType = sourcecode.swift; path = SignUpViewModel.swift; sourceTree = "<group>"; };
		7BA9B8A39C0A4A8536F1F295 /* Pods_MaticApp.framework */ = {isa = PBXFileReference; explicitFileType = wrapper.framework; includeInIndex = 0; path = Pods_MaticApp.framework; sourceTree = BUILT_PRODUCTS_DIR; };
		7EC0AA80ED4BB724D5619C5A /* Pods_MaticAppTests.framework */ = {isa = PBXFileReference; explicitFileType = wrapper.framework; includeInIndex = 0; path = Pods_MaticAppTests.framework; sourceTree = BUILT_PRODUCTS_DIR; };
		BA17C6A51D82F7680FB52D0A /* Pods-MaticAppTests.release.xcconfig */ = {isa = PBXFileReference; includeInIndex = 1; lastKnownFileType = text.xcconfig; name = "Pods-MaticAppTests.release.xcconfig"; path = "Target Support Files/Pods-MaticAppTests/Pods-MaticAppTests.release.xcconfig"; sourceTree = "<group>"; };
		F99FAEF52524E0ECB73F480B /* Pods-MaticApp.debug.xcconfig */ = {isa = PBXFileReference; includeInIndex = 1; lastKnownFileType = text.xcconfig; name = "Pods-MaticApp.debug.xcconfig"; path = "Target Support Files/Pods-MaticApp/Pods-MaticApp.debug.xcconfig"; sourceTree = "<group>"; };
		FAB8ACD3665E7A648E2B8D09 /* Pods-MaticAppTests.debug.xcconfig */ = {isa = PBXFileReference; includeInIndex = 1; lastKnownFileType = text.xcconfig; name = "Pods-MaticAppTests.debug.xcconfig"; path = "Target Support Files/Pods-MaticAppTests/Pods-MaticAppTests.debug.xcconfig"; sourceTree = "<group>"; };
/* End PBXFileReference section */

/* Begin PBXFrameworksBuildPhase section */
		796012BE22EDD01300B8DCEF /* Frameworks */ = {
			isa = PBXFrameworksBuildPhase;
			buildActionMask = 2147483647;
			files = (
				F93187A142540D6917385B5F /* Pods_MaticApp.framework in Frameworks */,
			);
			runOnlyForDeploymentPostprocessing = 0;
		};
		796012D222EDD01500B8DCEF /* Frameworks */ = {
			isa = PBXFrameworksBuildPhase;
			buildActionMask = 2147483647;
			files = (
				8167AD873C6F5F5CAFF6BD0F /* Pods_MaticAppTests.framework in Frameworks */,
			);
			runOnlyForDeploymentPostprocessing = 0;
		};
/* End PBXFrameworksBuildPhase section */

/* Begin PBXGroup section */
		210D3BDAF262114CAB751870 /* Pods */ = {
			isa = PBXGroup;
			children = (
				F99FAEF52524E0ECB73F480B /* Pods-MaticApp.debug.xcconfig */,
				64F9E2DFAA05AACD33B1E561 /* Pods-MaticApp.release.xcconfig */,
				FAB8ACD3665E7A648E2B8D09 /* Pods-MaticAppTests.debug.xcconfig */,
				BA17C6A51D82F7680FB52D0A /* Pods-MaticAppTests.release.xcconfig */,
			);
			path = Pods;
			sourceTree = "<group>";
		};
		796012B822EDD01300B8DCEF = {
			isa = PBXGroup;
			children = (
				796012C322EDD01300B8DCEF /* MaticApp */,
				796012D822EDD01500B8DCEF /* MaticAppTests */,
				796012C222EDD01300B8DCEF /* Products */,
				210D3BDAF262114CAB751870 /* Pods */,
				A2DDC2D9F900440A3ABAD981 /* Frameworks */,
			);
			sourceTree = "<group>";
		};
		796012C222EDD01300B8DCEF /* Products */ = {
			isa = PBXGroup;
			children = (
				796012C122EDD01300B8DCEF /* MaticApp.app */,
				796012D522EDD01500B8DCEF /* MaticAppTests.xctest */,
			);
			name = Products;
			sourceTree = "<group>";
		};
		796012C322EDD01300B8DCEF /* MaticApp */ = {
			isa = PBXGroup;
			children = (
				796012C422EDD01300B8DCEF /* AppDelegate.swift */,
				79B2A20622EF4F01005F410D /* Landing Screen */,
				79B2A27422F2C169005F410D /* Login Screen */,
				79B2A27522F2C17A005F410D /* Signup Screen */,
				79B2A20822EF4F4C005F410D /* Resources */,
				796012CD22EDD01500B8DCEF /* LaunchScreen.storyboard */,
				796012D022EDD01500B8DCEF /* Info.plist */,
			);
			path = MaticApp;
			sourceTree = "<group>";
		};
		796012D822EDD01500B8DCEF /* MaticAppTests */ = {
			isa = PBXGroup;
			children = (
				796012D922EDD01500B8DCEF /* MaticAppTests.swift */,
				796012DB22EDD01500B8DCEF /* Info.plist */,
			);
			path = MaticAppTests;
			sourceTree = "<group>";
		};
		79B2A20622EF4F01005F410D /* Landing Screen */ = {
			isa = PBXGroup;
			children = (
				796012C622EDD01300B8DCEF /* LandingViewController.swift */,
			);
			path = "Landing Screen";
			sourceTree = "<group>";
		};
		79B2A20822EF4F4C005F410D /* Resources */ = {
			isa = PBXGroup;
			children = (
				79B2A20422EF4DE3005F410D /* Common.swift */,
				79B2A20D22EFDA67005F410D /* SHA256.swift */,
				79B2A20F22EFDA73005F410D /* SHA256-Bridging-Header.h */,
				79B2A21022EFF1F2005F410D /* Keychain.swift */,
				796012CB22EDD01500B8DCEF /* Assets.xcassets */,
			);
			path = Resources;
			sourceTree = "<group>";
		};
		79B2A27422F2C169005F410D /* Login Screen */ = {
			isa = PBXGroup;
			children = (
				79B2A27622F2C1BD005F410D /* LoginViewController.swift */,
				79B2A27A22F2C2C0005F410D /* LoginViewModel.swift */,
				79B2A1FE22EE0DAA005F410D /* UserInputView.swift */,
			);
			path = "Login Screen";
			sourceTree = "<group>";
		};
		79B2A27522F2C17A005F410D /* Signup Screen */ = {
			isa = PBXGroup;
			children = (
				79B2A27822F2C1D1005F410D /* SignUpViewController.swift */,
				79B2A27C22F2C3BE005F410D /* SignUpViewModel.swift */,
			);
			path = "Signup Screen";
			sourceTree = "<group>";
		};
		A2DDC2D9F900440A3ABAD981 /* Frameworks */ = {
			isa = PBXGroup;
			children = (
				7BA9B8A39C0A4A8536F1F295 /* Pods_MaticApp.framework */,
				7EC0AA80ED4BB724D5619C5A /* Pods_MaticAppTests.framework */,
			);
			name = Frameworks;
			sourceTree = "<group>";
		};
/* End PBXGroup section */

/* Begin PBXNativeTarget section */
		796012C022EDD01300B8DCEF /* MaticApp */ = {
			isa = PBXNativeTarget;
			buildConfigurationList = 796012DE22EDD01500B8DCEF /* Build configuration list for PBXNativeTarget "MaticApp" */;
			buildPhases = (
				9F9D8ADEBBBF62AC594342D1 /* [CP] Check Pods Manifest.lock */,
				796012BD22EDD01300B8DCEF /* Sources */,
				796012BE22EDD01300B8DCEF /* Frameworks */,
				796012BF22EDD01300B8DCEF /* Resources */,
				6A3CFFAD15D17507EE6400CE /* [CP] Embed Pods Frameworks */,
			);
			buildRules = (
			);
			dependencies = (
			);
			name = MaticApp;
			productName = MaticApp;
			productReference = 796012C122EDD01300B8DCEF /* MaticApp.app */;
			productType = "com.apple.product-type.application";
		};
		796012D422EDD01500B8DCEF /* MaticAppTests */ = {
			isa = PBXNativeTarget;
			buildConfigurationList = 796012E122EDD01500B8DCEF /* Build configuration list for PBXNativeTarget "MaticAppTests" */;
			buildPhases = (
				C198FAE31BFE3865D73C03B8 /* [CP] Check Pods Manifest.lock */,
				796012D122EDD01500B8DCEF /* Sources */,
				796012D222EDD01500B8DCEF /* Frameworks */,
				796012D322EDD01500B8DCEF /* Resources */,
			);
			buildRules = (
			);
			dependencies = (
				796012D722EDD01500B8DCEF /* PBXTargetDependency */,
			);
			name = MaticAppTests;
			productName = MaticAppTests;
			productReference = 796012D522EDD01500B8DCEF /* MaticAppTests.xctest */;
			productType = "com.apple.product-type.bundle.unit-test";
		};
/* End PBXNativeTarget section */

/* Begin PBXProject section */
		796012B922EDD01300B8DCEF /* Project object */ = {
			isa = PBXProject;
			attributes = {
				LastSwiftUpdateCheck = 1020;
				LastUpgradeCheck = 1020;
				ORGANIZATIONNAME = manish;
				TargetAttributes = {
					796012C022EDD01300B8DCEF = {
						CreatedOnToolsVersion = 10.2;
					};
					796012D422EDD01500B8DCEF = {
						CreatedOnToolsVersion = 10.2;
						TestTargetID = 796012C022EDD01300B8DCEF;
					};
				};
			};
			buildConfigurationList = 796012BC22EDD01300B8DCEF /* Build configuration list for PBXProject "MaticApp" */;
			compatibilityVersion = "Xcode 9.3";
			developmentRegion = en;
			hasScannedForEncodings = 0;
			knownRegions = (
				en,
				Base,
			);
			mainGroup = 796012B822EDD01300B8DCEF;
			productRefGroup = 796012C222EDD01300B8DCEF /* Products */;
			projectDirPath = "";
			projectRoot = "";
			targets = (
				796012C022EDD01300B8DCEF /* MaticApp */,
				796012D422EDD01500B8DCEF /* MaticAppTests */,
			);
		};
/* End PBXProject section */

/* Begin PBXResourcesBuildPhase section */
		796012BF22EDD01300B8DCEF /* Resources */ = {
			isa = PBXResourcesBuildPhase;
			buildActionMask = 2147483647;
			files = (
				796012CF22EDD01500B8DCEF /* LaunchScreen.storyboard in Resources */,
				796012CC22EDD01500B8DCEF /* Assets.xcassets in Resources */,
			);
			runOnlyForDeploymentPostprocessing = 0;
		};
		796012D322EDD01500B8DCEF /* Resources */ = {
			isa = PBXResourcesBuildPhase;
			buildActionMask = 2147483647;
			files = (
			);
			runOnlyForDeploymentPostprocessing = 0;
		};
/* End PBXResourcesBuildPhase section */

/* Begin PBXShellScriptBuildPhase section */
		6A3CFFAD15D17507EE6400CE /* [CP] Embed Pods Frameworks */ = {
			isa = PBXShellScriptBuildPhase;
			buildActionMask = 2147483647;
			files = (
			);
			inputFileListPaths = (
				"${PODS_ROOT}/Target Support Files/Pods-MaticApp/Pods-MaticApp-frameworks-${CONFIGURATION}-input-files.xcfilelist",
			);
			name = "[CP] Embed Pods Frameworks";
			outputFileListPaths = (
				"${PODS_ROOT}/Target Support Files/Pods-MaticApp/Pods-MaticApp-frameworks-${CONFIGURATION}-output-files.xcfilelist",
			);
			runOnlyForDeploymentPostprocessing = 0;
			shellPath = /bin/sh;
			shellScript = "\"${PODS_ROOT}/Target Support Files/Pods-MaticApp/Pods-MaticApp-frameworks.sh\"\n";
			showEnvVarsInLog = 0;
		};
		9F9D8ADEBBBF62AC594342D1 /* [CP] Check Pods Manifest.lock */ = {
			isa = PBXShellScriptBuildPhase;
			buildActionMask = 2147483647;
			files = (
			);
			inputFileListPaths = (
			);
			inputPaths = (
				"${PODS_PODFILE_DIR_PATH}/Podfile.lock",
				"${PODS_ROOT}/Manifest.lock",
			);
			name = "[CP] Check Pods Manifest.lock";
			outputFileListPaths = (
			);
			outputPaths = (
				"$(DERIVED_FILE_DIR)/Pods-MaticApp-checkManifestLockResult.txt",
			);
			runOnlyForDeploymentPostprocessing = 0;
			shellPath = /bin/sh;
			shellScript = "diff \"${PODS_PODFILE_DIR_PATH}/Podfile.lock\" \"${PODS_ROOT}/Manifest.lock\" > /dev/null\nif [ $? != 0 ] ; then\n    # print error to STDERR\n    echo \"error: The sandbox is not in sync with the Podfile.lock. Run 'pod install' or update your CocoaPods installation.\" >&2\n    exit 1\nfi\n# This output is used by Xcode 'outputs' to avoid re-running this script phase.\necho \"SUCCESS\" > \"${SCRIPT_OUTPUT_FILE_0}\"\n";
			showEnvVarsInLog = 0;
		};
		C198FAE31BFE3865D73C03B8 /* [CP] Check Pods Manifest.lock */ = {
			isa = PBXShellScriptBuildPhase;
			buildActionMask = 2147483647;
			files = (
			);
			inputFileListPaths = (
			);
			inputPaths = (
				"${PODS_PODFILE_DIR_PATH}/Podfile.lock",
				"${PODS_ROOT}/Manifest.lock",
			);
			name = "[CP] Check Pods Manifest.lock";
			outputFileListPaths = (
			);
			outputPaths = (
				"$(DERIVED_FILE_DIR)/Pods-MaticAppTests-checkManifestLockResult.txt",
			);
			runOnlyForDeploymentPostprocessing = 0;
			shellPath = /bin/sh;
			shellScript = "diff \"${PODS_PODFILE_DIR_PATH}/Podfile.lock\" \"${PODS_ROOT}/Manifest.lock\" > /dev/null\nif [ $? != 0 ] ; then\n    # print error to STDERR\n    echo \"error: The sandbox is not in sync with the Podfile.lock. Run 'pod install' or update your CocoaPods installation.\" >&2\n    exit 1\nfi\n# This output is used by Xcode 'outputs' to avoid re-running this script phase.\necho \"SUCCESS\" > \"${SCRIPT_OUTPUT_FILE_0}\"\n";
			showEnvVarsInLog = 0;
		};
/* End PBXShellScriptBuildPhase section */

/* Begin PBXSourcesBuildPhase section */
		796012BD22EDD01300B8DCEF /* Sources */ = {
			isa = PBXSourcesBuildPhase;
			buildActionMask = 2147483647;
			files = (
				79B2A20322EF10DA005F410D /* CurrencyTableViewCell.swift in Sources */,
				79B2A27D22F2C3BE005F410D /* SignUpViewModel.swift in Sources */,
				796012C722EDD01300B8DCEF /* LandingViewController.swift in Sources */,
				796012C522EDD01300B8DCEF /* AppDelegate.swift in Sources */,
				79B2A20C22EF5036005F410D /* HomeViewModel.swift in Sources */,
				79B2A1FF22EE0DAA005F410D /* UserInputView.swift in Sources */,
				79B2A20E22EFDA67005F410D /* SHA256.swift in Sources */,
				79B2A20522EF4DE3005F410D /* Common.swift in Sources */,
				79B2A27B22F2C2C0005F410D /* LoginViewModel.swift in Sources */,
				79B2A27922F2C1D1005F410D /* SignUpViewController.swift in Sources */,
				79B2A27322F285CB005F410D /* ImageFetcher.swift in Sources */,
				79B2A20122EF0728005F410D /* HomeViewController.swift in Sources */,
				79B2A27722F2C1BD005F410D /* LoginViewController.swift in Sources */,
				79B2A21122EFF1F2005F410D /* Keychain.swift in Sources */,
			);
			runOnlyForDeploymentPostprocessing = 0;
		};
		796012D122EDD01500B8DCEF /* Sources */ = {
			isa = PBXSourcesBuildPhase;
			buildActionMask = 2147483647;
			files = (
				796012DA22EDD01500B8DCEF /* MaticAppTests.swift in Sources */,
			);
			runOnlyForDeploymentPostprocessing = 0;
		};
/* End PBXSourcesBuildPhase section */

/* Begin PBXTargetDependency section */
		796012D722EDD01500B8DCEF /* PBXTargetDependency */ = {
			isa = PBXTargetDependency;
			target = 796012C022EDD01300B8DCEF /* MaticApp */;
			targetProxy = 796012D622EDD01500B8DCEF /* PBXContainerItemProxy */;
		};
/* End PBXTargetDependency section */

/* Begin PBXVariantGroup section */
		796012CD22EDD01500B8DCEF /* LaunchScreen.storyboard */ = {
			isa = PBXVariantGroup;
			children = (
				796012CE22EDD01500B8DCEF /* Base */,
			);
			name = LaunchScreen.storyboard;
			sourceTree = "<group>";
		};
/* End PBXVariantGroup section */

/* Begin XCBuildConfiguration section */
		796012DC22EDD01500B8DCEF /* Debug */ = {
			isa = XCBuildConfiguration;
			buildSettings = {
				ALWAYS_SEARCH_USER_PATHS = NO;
				CLANG_ANALYZER_NONNULL = YES;
				CLANG_ANALYZER_NUMBER_OBJECT_CONVERSION = YES_AGGRESSIVE;
				CLANG_CXX_LANGUAGE_STANDARD = "gnu++14";
				CLANG_CXX_LIBRARY = "libc++";
				CLANG_ENABLE_MODULES = YES;
				CLANG_ENABLE_OBJC_ARC = YES;
				CLANG_ENABLE_OBJC_WEAK = YES;
				CLANG_WARN_BLOCK_CAPTURE_AUTORELEASING = YES;
				CLANG_WARN_BOOL_CONVERSION = YES;
				CLANG_WARN_COMMA = YES;
				CLANG_WARN_CONSTANT_CONVERSION = YES;
				CLANG_WARN_DEPRECATED_OBJC_IMPLEMENTATIONS = YES;
				CLANG_WARN_DIRECT_OBJC_ISA_USAGE = YES_ERROR;
				CLANG_WARN_DOCUMENTATION_COMMENTS = YES;
				CLANG_WARN_EMPTY_BODY = YES;
				CLANG_WARN_ENUM_CONVERSION = YES;
				CLANG_WARN_INFINITE_RECURSION = YES;
				CLANG_WARN_INT_CONVERSION = YES;
				CLANG_WARN_NON_LITERAL_NULL_CONVERSION = YES;
				CLANG_WARN_OBJC_IMPLICIT_RETAIN_SELF = YES;
				CLANG_WARN_OBJC_LITERAL_CONVERSION = YES;
				CLANG_WARN_OBJC_ROOT_CLASS = YES_ERROR;
				CLANG_WARN_RANGE_LOOP_ANALYSIS = YES;
				CLANG_WARN_STRICT_PROTOTYPES = YES;
				CLANG_WARN_SUSPICIOUS_MOVE = YES;
				CLANG_WARN_UNGUARDED_AVAILABILITY = YES_AGGRESSIVE;
				CLANG_WARN_UNREACHABLE_CODE = YES;
				CLANG_WARN__DUPLICATE_METHOD_MATCH = YES;
				CODE_SIGN_IDENTITY = "iPhone Developer";
				COPY_PHASE_STRIP = NO;
				DEBUG_INFORMATION_FORMAT = dwarf;
				ENABLE_STRICT_OBJC_MSGSEND = YES;
				ENABLE_TESTABILITY = YES;
				GCC_C_LANGUAGE_STANDARD = gnu11;
				GCC_DYNAMIC_NO_PIC = NO;
				GCC_NO_COMMON_BLOCKS = YES;
				GCC_OPTIMIZATION_LEVEL = 0;
				GCC_PREPROCESSOR_DEFINITIONS = (
					"DEBUG=1",
					"$(inherited)",
				);
				GCC_WARN_64_TO_32_BIT_CONVERSION = YES;
				GCC_WARN_ABOUT_RETURN_TYPE = YES_ERROR;
				GCC_WARN_UNDECLARED_SELECTOR = YES;
				GCC_WARN_UNINITIALIZED_AUTOS = YES_AGGRESSIVE;
				GCC_WARN_UNUSED_FUNCTION = YES;
				GCC_WARN_UNUSED_VARIABLE = YES;
				IPHONEOS_DEPLOYMENT_TARGET = 12.2;
				MTL_ENABLE_DEBUG_INFO = INCLUDE_SOURCE;
				MTL_FAST_MATH = YES;
				ONLY_ACTIVE_ARCH = YES;
				SDKROOT = iphoneos;
				SWIFT_ACTIVE_COMPILATION_CONDITIONS = DEBUG;
				SWIFT_OPTIMIZATION_LEVEL = "-Onone";
				SWIFT_VERSION = 5.0;
			};
			name = Debug;
		};
		796012DD22EDD01500B8DCEF /* Release */ = {
			isa = XCBuildConfiguration;
			buildSettings = {
				ALWAYS_SEARCH_USER_PATHS = NO;
				CLANG_ANALYZER_NONNULL = YES;
				CLANG_ANALYZER_NUMBER_OBJECT_CONVERSION = YES_AGGRESSIVE;
				CLANG_CXX_LANGUAGE_STANDARD = "gnu++14";
				CLANG_CXX_LIBRARY = "libc++";
				CLANG_ENABLE_MODULES = YES;
				CLANG_ENABLE_OBJC_ARC = YES;
				CLANG_ENABLE_OBJC_WEAK = YES;
				CLANG_WARN_BLOCK_CAPTURE_AUTORELEASING = YES;
				CLANG_WARN_BOOL_CONVERSION = YES;
				CLANG_WARN_COMMA = YES;
				CLANG_WARN_CONSTANT_CONVERSION = YES;
				CLANG_WARN_DEPRECATED_OBJC_IMPLEMENTATIONS = YES;
				CLANG_WARN_DIRECT_OBJC_ISA_USAGE = YES_ERROR;
				CLANG_WARN_DOCUMENTATION_COMMENTS = YES;
				CLANG_WARN_EMPTY_BODY = YES;
				CLANG_WARN_ENUM_CONVERSION = YES;
				CLANG_WARN_INFINITE_RECURSION = YES;
				CLANG_WARN_INT_CONVERSION = YES;
				CLANG_WARN_NON_LITERAL_NULL_CONVERSION = YES;
				CLANG_WARN_OBJC_IMPLICIT_RETAIN_SELF = YES;
				CLANG_WARN_OBJC_LITERAL_CONVERSION = YES;
				CLANG_WARN_OBJC_ROOT_CLASS = YES_ERROR;
				CLANG_WARN_RANGE_LOOP_ANALYSIS = YES;
				CLANG_WARN_STRICT_PROTOTYPES = YES;
				CLANG_WARN_SUSPICIOUS_MOVE = YES;
				CLANG_WARN_UNGUARDED_AVAILABILITY = YES_AGGRESSIVE;
				CLANG_WARN_UNREACHABLE_CODE = YES;
				CLANG_WARN__DUPLICATE_METHOD_MATCH = YES;
				CODE_SIGN_IDENTITY = "iPhone Developer";
				COPY_PHASE_STRIP = NO;
				DEBUG_INFORMATION_FORMAT = "dwarf-with-dsym";
				ENABLE_NS_ASSERTIONS = NO;
				ENABLE_STRICT_OBJC_MSGSEND = YES;
				GCC_C_LANGUAGE_STANDARD = gnu11;
				GCC_NO_COMMON_BLOCKS = YES;
				GCC_WARN_64_TO_32_BIT_CONVERSION = YES;
				GCC_WARN_ABOUT_RETURN_TYPE = YES_ERROR;
				GCC_WARN_UNDECLARED_SELECTOR = YES;
				GCC_WARN_UNINITIALIZED_AUTOS = YES_AGGRESSIVE;
				GCC_WARN_UNUSED_FUNCTION = YES;
				GCC_WARN_UNUSED_VARIABLE = YES;
				IPHONEOS_DEPLOYMENT_TARGET = 12.2;
				MTL_ENABLE_DEBUG_INFO = NO;
				MTL_FAST_MATH = YES;
				SDKROOT = iphoneos;
				SWIFT_COMPILATION_MODE = wholemodule;
				SWIFT_OPTIMIZATION_LEVEL = "-O";
				SWIFT_VERSION = 5.0;
				VALIDATE_PRODUCT = YES;
			};
			name = Release;
		};
		796012DF22EDD01500B8DCEF /* Debug */ = {
			isa = XCBuildConfiguration;
			baseConfigurationReference = F99FAEF52524E0ECB73F480B /* Pods-MaticApp.debug.xcconfig */;
			buildSettings = {
				ASSETCATALOG_COMPILER_APPICON_NAME = AppIcon;
				CODE_SIGN_STYLE = Automatic;
				DEVELOPMENT_TEAM = Y4WRN929W7;
				INFOPLIST_FILE = MaticApp/Info.plist;
				LD_RUNPATH_SEARCH_PATHS = (
					"$(inherited)",
					"@executable_path/Frameworks",
				);
				PRODUCT_BUNDLE_IDENTIFIER = com.MaticApp;
				PRODUCT_NAME = "$(TARGET_NAME)";
				SWIFT_VERSION = 5.0;
				TARGETED_DEVICE_FAMILY = "1,2";
			};
			name = Debug;
		};
		796012E022EDD01500B8DCEF /* Release */ = {
			isa = XCBuildConfiguration;
			baseConfigurationReference = 64F9E2DFAA05AACD33B1E561 /* Pods-MaticApp.release.xcconfig */;
			buildSettings = {
				ASSETCATALOG_COMPILER_APPICON_NAME = AppIcon;
				CODE_SIGN_STYLE = Automatic;
				DEVELOPMENT_TEAM = Y4WRN929W7;
				INFOPLIST_FILE = MaticApp/Info.plist;
				LD_RUNPATH_SEARCH_PATHS = (
					"$(inherited)",
					"@executable_path/Frameworks",
				);
				PRODUCT_BUNDLE_IDENTIFIER = com.MaticApp;
				PRODUCT_NAME = "$(TARGET_NAME)";
				SWIFT_VERSION = 5.0;
				TARGETED_DEVICE_FAMILY = "1,2";
			};
			name = Release;
		};
		796012E222EDD01500B8DCEF /* Debug */ = {
			isa = XCBuildConfiguration;
			baseConfigurationReference = FAB8ACD3665E7A648E2B8D09 /* Pods-MaticAppTests.debug.xcconfig */;
			buildSettings = {
				ALWAYS_EMBED_SWIFT_STANDARD_LIBRARIES = YES;
				BUNDLE_LOADER = "$(TEST_HOST)";
				CODE_SIGN_STYLE = Automatic;
				INFOPLIST_FILE = MaticAppTests/Info.plist;
				LD_RUNPATH_SEARCH_PATHS = (
					"$(inherited)",
					"@executable_path/Frameworks",
					"@loader_path/Frameworks",
				);
				PRODUCT_BUNDLE_IDENTIFIER = com.MaticAppTests;
				PRODUCT_NAME = "$(TARGET_NAME)";
				SWIFT_VERSION = 5.0;
				TARGETED_DEVICE_FAMILY = "1,2";
				TEST_HOST = "$(BUILT_PRODUCTS_DIR)/MaticApp.app/MaticApp";
			};
			name = Debug;
		};
		796012E322EDD01500B8DCEF /* Release */ = {
			isa = XCBuildConfiguration;
			baseConfigurationReference = BA17C6A51D82F7680FB52D0A /* Pods-MaticAppTests.release.xcconfig */;
			buildSettings = {
				ALWAYS_EMBED_SWIFT_STANDARD_LIBRARIES = YES;
				BUNDLE_LOADER = "$(TEST_HOST)";
				CODE_SIGN_STYLE = Automatic;
				INFOPLIST_FILE = MaticAppTests/Info.plist;
				LD_RUNPATH_SEARCH_PATHS = (
					"$(inherited)",
					"@executable_path/Frameworks",
					"@loader_path/Frameworks",
				);
				PRODUCT_BUNDLE_IDENTIFIER = com.MaticAppTests;
				PRODUCT_NAME = "$(TARGET_NAME)";
				SWIFT_VERSION = 5.0;
				TARGETED_DEVICE_FAMILY = "1,2";
				TEST_HOST = "$(BUILT_PRODUCTS_DIR)/MaticApp.app/MaticApp";
			};
			name = Release;
		};
/* End XCBuildConfiguration section */

/* Begin XCConfigurationList section */
		796012BC22EDD01300B8DCEF /* Build configuration list for PBXProject "MaticApp" */ = {
			isa = XCConfigurationList;
			buildConfigurations = (
				796012DC22EDD01500B8DCEF /* Debug */,
				796012DD22EDD01500B8DCEF /* Release */,
			);
			defaultConfigurationIsVisible = 0;
			defaultConfigurationName = Release;
		};
		796012DE22EDD01500B8DCEF /* Build configuration list for PBXNativeTarget "MaticApp" */ = {
			isa = XCConfigurationList;
			buildConfigurations = (
				796012DF22EDD01500B8DCEF /* Debug */,
				796012E022EDD01500B8DCEF /* Release */,
			);
			defaultConfigurationIsVisible = 0;
			defaultConfigurationName = Release;
		};
		796012E122EDD01500B8DCEF /* Build configuration list for PBXNativeTarget "MaticAppTests" */ = {
			isa = XCConfigurationList;
			buildConfigurations = (
				796012E222EDD01500B8DCEF /* Debug */,
				796012E322EDD01500B8DCEF /* Release */,
			);
			defaultConfigurationIsVisible = 0;
			defaultConfigurationName = Release;
		};
/* End XCConfigurationList section */
	};
	rootObject = 796012B922EDD01300B8DCEF /* Project object */;
}
